
Microsoft Visual Studio Solution File, Format Version 12.00
# Visual Studio Version 17
VisualStudioVersion = 17.10.35013.160
MinimumVisualStudioVersion = 10.0.40219.1
Project("{9A19103F-16F7-4668-BE54-9A1E7A4F7556}") = "Dagon", "Dagon\Dagon.csproj", "{B7D0688E-6281-4E55-8C93-91966B9D93D4}"
EndProject
Project("{2150E333-8FDC-42A3-9474-1A3956D46DE8}") = "Libraries", "Libraries", "{F3613D92-9902-4A07-9AC8-E3655CA3212B}"
EndProject
Project("{9A19103F-16F7-4668-BE54-9A1E7A4F7556}") = "Test", "Test\Test.csproj", "{CAB8E5CA-B028-4DD2-BE30-DEF510F4AFA6}"
EndProject
Project("{9A19103F-16F7-4668-BE54-9A1E7A4F7556}") = "Yotic.Linq", "..\..\cheats\Yotic.Linq\Yotic.Linq\Yotic.Linq.csproj", "{5F666249-CBC0-4BFA-9A1A-1F05CB5B1967}"
EndProject
Project("{2150E333-8FDC-42A3-9474-1A3956D46DE8}") = "Solution Items", "Solution Items", "{8F511314-7D54-47B0-9C10-15C3C747C49A}"
	ProjectSection(SolutionItems) = preProject
		.editorconfig = .editorconfig
	EndProjectSection
EndProject
Project("{9A19103F-16F7-4668-BE54-9A1E7A4F7556}") = "Yotic.Math", "..\Yotic.Math\Yotic.Math\Yotic.Math.csproj", "{F2C26E3D-32E9-4D31-B7CC-EB888D695214}"
EndProject
Project("{9A19103F-16F7-4668-BE54-9A1E7A4F7556}") = "DotnetNative.Events", "..\DotnetNative.Events\DotnetNative.Events\DotnetNative.Events.csproj", "{637FF9DF-1629-4B18-B7DC-865157FC1B7B}"
EndProject
Project("{9A19103F-16F7-4668-BE54-9A1E7A4F7556}") = "OpenGL", "..\OpenGL\OpenGL\OpenGL.csproj", "{372DC5D4-A17B-41C8-823F-AEB0A6E186FA}"
EndProject
Global
	GlobalSection(SolutionConfigurationPlatforms) = preSolution
		Debug|Any CPU = Debug|Any CPU
		Debug|x64 = Debug|x64
		Release|Any CPU = Release|Any CPU
		Release|x64 = Release|x64
	EndGlobalSection
	GlobalSection(ProjectConfigurationPlatforms) = postSolution
		{B7D0688E-6281-4E55-8C93-91966B9D93D4}.Debug|Any CPU.ActiveCfg = Debug|Any CPU
		{B7D0688E-6281-4E55-8C93-91966B9D93D4}.Debug|Any CPU.Build.0 = Debug|Any CPU
		{B7D0688E-6281-4E55-8C93-91966B9D93D4}.Debug|x64.ActiveCfg = Debug|Any CPU
		{B7D0688E-6281-4E55-8C93-91966B9D93D4}.Debug|x64.Build.0 = Debug|Any CPU
		{B7D0688E-6281-4E55-8C93-91966B9D93D4}.Release|Any CPU.ActiveCfg = Release|Any CPU
		{B7D0688E-6281-4E55-8C93-91966B9D93D4}.Release|Any CPU.Build.0 = Release|Any CPU
		{B7D0688E-6281-4E55-8C93-91966B9D93D4}.Release|x64.ActiveCfg = Release|Any CPU
		{B7D0688E-6281-4E55-8C93-91966B9D93D4}.Release|x64.Build.0 = Release|Any CPU
		{CAB8E5CA-B028-4DD2-BE30-DEF510F4AFA6}.Debug|Any CPU.ActiveCfg = Debug|Any CPU
		{CAB8E5CA-B028-4DD2-BE30-DEF510F4AFA6}.Debug|Any CPU.Build.0 = Debug|Any CPU
		{CAB8E5CA-B028-4DD2-BE30-DEF510F4AFA6}.Debug|x64.ActiveCfg = Debug|Any CPU
		{CAB8E5CA-B028-4DD2-BE30-DEF510F4AFA6}.Debug|x64.Build.0 = Debug|Any CPU
		{CAB8E5CA-B028-4DD2-BE30-DEF510F4AFA6}.Release|Any CPU.ActiveCfg = Release|Any CPU
		{CAB8E5CA-B028-4DD2-BE30-DEF510F4AFA6}.Release|Any CPU.Build.0 = Release|Any CPU
		{CAB8E5CA-B028-4DD2-BE30-DEF510F4AFA6}.Release|x64.ActiveCfg = Release|Any CPU
		{CAB8E5CA-B028-4DD2-BE30-DEF510F4AFA6}.Release|x64.Build.0 = Release|Any CPU
		{5F666249-CBC0-4BFA-9A1A-1F05CB5B1967}.Debug|Any CPU.ActiveCfg = Debug|x64
		{5F666249-CBC0-4BFA-9A1A-1F05CB5B1967}.Debug|Any CPU.Build.0 = Debug|x64
		{5F666249-CBC0-4BFA-9A1A-1F05CB5B1967}.Debug|x64.ActiveCfg = Debug|x64
		{5F666249-CBC0-4BFA-9A1A-1F05CB5B1967}.Debug|x64.Build.0 = Debug|x64
		{5F666249-CBC0-4BFA-9A1A-1F05CB5B1967}.Release|Any CPU.ActiveCfg = Release|x64
		{5F666249-CBC0-4BFA-9A1A-1F05CB5B1967}.Release|Any CPU.Build.0 = Release|x64
		{5F666249-CBC0-4BFA-9A1A-1F05CB5B1967}.Release|x64.ActiveCfg = Release|x64
		{5F666249-CBC0-4BFA-9A1A-1F05CB5B1967}.Release|x64.Build.0 = Release|x64
		{F2C26E3D-32E9-4D31-B7CC-EB888D695214}.Debug|Any CPU.ActiveCfg = Debug|Any CPU
		{F2C26E3D-32E9-4D31-B7CC-EB888D695214}.Debug|Any CPU.Build.0 = Debug|Any CPU
		{F2C26E3D-32E9-4D31-B7CC-EB888D695214}.Debug|x64.ActiveCfg = Debug|Any CPU
		{F2C26E3D-32E9-4D31-B7CC-EB888D695214}.Debug|x64.Build.0 = Debug|Any CPU
		{F2C26E3D-32E9-4D31-B7CC-EB888D695214}.Release|Any CPU.ActiveCfg = Release|Any CPU
		{F2C26E3D-32E9-4D31-B7CC-EB888D695214}.Release|Any CPU.Build.0 = Release|Any CPU
		{F2C26E3D-32E9-4D31-B7CC-EB888D695214}.Release|x64.ActiveCfg = Release|Any CPU
		{F2C26E3D-32E9-4D31-B7CC-EB888D695214}.Release|x64.Build.0 = Release|Any CPU
		{637FF9DF-1629-4B18-B7DC-865157FC1B7B}.Debug|Any CPU.ActiveCfg = Debug|x64
		{637FF9DF-1629-4B18-B7DC-865157FC1B7B}.Debug|Any CPU.Build.0 = Debug|x64
		{637FF9DF-1629-4B18-B7DC-865157FC1B7B}.Debug|x64.ActiveCfg = Debug|x64
		{637FF9DF-1629-4B18-B7DC-865157FC1B7B}.Debug|x64.Build.0 = Debug|x64
		{637FF9DF-1629-4B18-B7DC-865157FC1B7B}.Release|Any CPU.ActiveCfg = Release|x64
		{637FF9DF-1629-4B18-B7DC-865157FC1B7B}.Release|Any CPU.Build.0 = Release|x64
		{637FF9DF-1629-4B18-B7DC-865157FC1B7B}.Release|x64.ActiveCfg = Release|x64
		{637FF9DF-1629-4B18-B7DC-865157FC1B7B}.Release|x64.Build.0 = Release|x64
		{372DC5D4-A17B-41C8-823F-AEB0A6E186FA}.Debug|Any CPU.ActiveCfg = Debug|x64
		{372DC5D4-A17B-41C8-823F-AEB0A6E186FA}.Debug|Any CPU.Build.0 = Debug|x64
		{372DC5D4-A17B-41C8-823F-AEB0A6E186FA}.Debug|x64.ActiveCfg = Debug|x64
		{372DC5D4-A17B-41C8-823F-AEB0A6E186FA}.Debug|x64.Build.0 = Debug|x64
		{372DC5D4-A17B-41C8-823F-AEB0A6E186FA}.Release|Any CPU.ActiveCfg = Release|x64
		{372DC5D4-A17B-41C8-823F-AEB0A6E186FA}.Release|Any CPU.Build.0 = Release|x64
		{372DC5D4-A17B-41C8-823F-AEB0A6E186FA}.Release|x64.ActiveCfg = Release|x64
		{372DC5D4-A17B-41C8-823F-AEB0A6E186FA}.Release|x64.Build.0 = Release|x64
	EndGlobalSection
	GlobalSection(SolutionProperties) = preSolution
		HideSolutionNode = FALSE
	EndGlobalSection
	GlobalSection(NestedProjects) = preSolution
		{5F666249-CBC0-4BFA-9A1A-1F05CB5B1967} = {F3613D92-9902-4A07-9AC8-E3655CA3212B}
		{F2C26E3D-32E9-4D31-B7CC-EB888D695214} = {F3613D92-9902-4A07-9AC8-E3655CA3212B}
		{637FF9DF-1629-4B18-B7DC-865157FC1B7B} = {F3613D92-9902-4A07-9AC8-E3655CA3212B}
		{372DC5D4-A17B-41C8-823F-AEB0A6E186FA} = {F3613D92-9902-4A07-9AC8-E3655CA3212B}
	EndGlobalSection
	GlobalSection(ExtensibilityGlobals) = postSolution
		SolutionGuid = {AE5CC055-BD98-4E0C-930D-57EE5A93EE51}
	EndGlobalSection
EndGlobal
